
Microsoft Visual Studio Solution File, Format Version 12.00
# Visual Studio Version 16
VisualStudioVersion = 16.0.31911.196
MinimumVisualStudioVersion = 10.0.40219.1
Project("{FAE04EC0-301F-11D3-BF4B-00C04F79EFBC}") = "NumberParser", "NumberParser\NumberParser.csproj", "{6F73008C-A5AF-48DF-82EA-EC96BFCC797B}"
EndProject
Global
	GlobalSection(SolutionConfigurationPlatforms) = preSolution
		Debug|Any CPU = Debug|Any CPU
		Release|Any CPU = Release|Any CPU
	EndGlobalSection
	GlobalSection(ProjectConfigurationPlatforms) = postSolution
		{6F73008C-A5AF-48DF-82EA-EC96BFCC797B}.Debug|Any CPU.ActiveCfg = Debug|Any CPU
		{6F73008C-A5AF-48DF-82EA-EC96BFCC797B}.Debug|Any CPU.Build.0 = Debug|Any CPU
		{6F73008C-A5AF-48DF-82EA-EC96BFCC797B}.Release|Any CPU.ActiveCfg = Release|Any CPU
		{6F73008C-A5AF-48DF-82EA-EC96BFCC797B}.Release|Any CPU.Build.0 = Release|Any CPU
	EndGlobalSection
	GlobalSection(SolutionProperties) = preSolution
		HideSolutionNode = FALSE
	EndGlobalSection
	GlobalSection(ExtensibilityGlobals) = postSolution
		SolutionGuid = {45E02FAC-57B5-4DF0-88AF-DB33D610FD85}
	EndGlobalSection
EndGlobal
